
Microsoft Visual Studio Solution File, Format Version 12.00
# Visual Studio 2012
Project("{FAE04EC0-301F-11D3-BF4B-00C04F79EFBC}") = "AS3_TechSupport", "AS3_TechSupport\AS3_TechSupport.csproj", "{D6DF1EBE-C093-4B30-9312-8EFDB0D80F90}"
EndProject
Global
	GlobalSection(SolutionConfigurationPlatforms) = preSolution
		Debug|Any CPU = Debug|Any CPU
		Release|Any CPU = Release|Any CPU
	EndGlobalSection
	GlobalSection(ProjectConfigurationPlatforms) = postSolution
		{D6DF1EBE-C093-4B30-9312-8EFDB0D80F90}.Debug|Any CPU.ActiveCfg = Debug|Any CPU
		{D6DF1EBE-C093-4B30-9312-8EFDB0D80F90}.Debug|Any CPU.Build.0 = Debug|Any CPU
		{D6DF1EBE-C093-4B30-9312-8EFDB0D80F90}.Release|Any CPU.ActiveCfg = Release|Any CPU
		{D6DF1EBE-C093-4B30-9312-8EFDB0D80F90}.Release|Any CPU.Build.0 = Release|Any CPU
	EndGlobalSection
	GlobalSection(SolutionProperties) = preSolution
		HideSolutionNode = FALSE
	EndGlobalSection
EndGlobal
